# This file is autogenerated, do not edit; changes may be undone by the next 'dep ensure'.


[[projects]]
  branch = "master"
  name = "github.com/golang/groupcache"
  packages = [
    ".",
    "consistenthash",
    "groupcachepb",
    "lru",
    "singleflight"
  ]
  revision = "24b0969c4cb722950103eed87108c8d291a8df00"

[[projects]]
  name = "github.com/golang/protobuf"
  packages = ["proto"]
  revision = "b4deda0973fb4c70b50d226b1af49f3da59f5265"
  version = "v1.1.0"

[solve-meta]
  analyzer-name = "dep"
  analyzer-version = 1
  inputs-digest = "a1e031c0c726f5f9673df3c99e870784caf6781c11a17d0d10731917563dde1a"
  solver-name = "gps-cdcl"
  solver-version = 1
